dependencies:
- name: oauth2-proxy
  repository: https://oauth2-proxy.github.io/manifests
  version: 10.7.0
- name: oauth2-proxy-instance
  repository: file://../../charts/oauth2-proxy-instance
  version: 0.1.0
digest: sha256:1f275ddf0cea967f068e40f96f3eaf9b663a28ac1d48aa6d7fadf3c0fbec3914
generated: "2026-07-29T19:44:41.20838-06:00"
