dependencies:
- name: cert-manager
  repository: https://charts.jetstack.io
  version: v1.21.2
- name: trust-manager
  repository: https://charts.jetstack.io
  version: v0.24.0
digest: sha256:f02c8b2ed0259dbf9f283eeb37d8d497fb2b4881e9e5d067bd8dea422eb960b3
generated: "2026-09-18T11:27:27.621089334Z"
