dependencies:
- name: cert-manager
  repository: https://charts.jetstack.io
  version: v1.20.1
- name: trust-manager
  repository: https://charts.jetstack.io
  version: v0.22.0
- name: step-certificates
  repository: https://smallstep.github.io/helm-charts
  version: 1.30.1
- name: step-issuer
  repository: https://smallstep.github.io/helm-charts
  version: 1.10.2
digest: sha256:93e529f99e91af44efa4ac33fdb9cf4ab732275bda882967a0e12af7860e1932
generated: "2026-03-28T15:18:54.556897039Z"
