dependencies:
- name: external-dns
  repository: https://kubernetes-sigs.github.io/external-dns
  version: 1.21.1
- name: external-dns
  repository: https://kubernetes-sigs.github.io/external-dns
  version: 1.21.1
- name: external-dns
  repository: https://kubernetes-sigs.github.io/external-dns
  version: 1.21.1
digest: sha256:b93c1fda75c7dcbebf34ce5be1c122d8515dd34664876d06e4793bb0361d8656
generated: "2026-05-07T15:03:47.505483787Z"
