dependencies:
- name: external-dns
  repository: https://kubernetes-sigs.github.io/external-dns
  version: 1.22.0
- name: external-dns
  repository: https://kubernetes-sigs.github.io/external-dns
  version: 1.22.0
- name: external-dns
  repository: https://kubernetes-sigs.github.io/external-dns
  version: 1.22.0
digest: sha256:4d333d4eb42a32caaf05912cd9cda35622387ee9793ad0bd80dc9084490d91f7
generated: "2026-09-23T11:27:53.202373591Z"
