dependencies:
- name: external-dns
  repository: https://kubernetes-sigs.github.io/external-dns
  version: 1.20.0
- name: external-dns
  repository: https://kubernetes-sigs.github.io/external-dns
  version: 1.20.0
- name: external-dns
  repository: https://kubernetes-sigs.github.io/external-dns
  version: 1.20.0
digest: sha256:f181af8c6fe4c5a5ba5c008e7aa03e31dba0773d5ff4aa65a6d20bed512e32b3
generated: "2026-04-13T21:22:27.10355-06:00"
