dependencies:
- name: argo-cd
  repository: https://argoproj.github.io/argo-helm
  version: 10.7.2
- name: argocd-apps
  repository: https://argoproj.github.io/argo-helm
  version: 2.0.5
- name: argo-events
  repository: https://argoproj.github.io/argo-helm
  version: 2.4.25
digest: sha256:e0e241a1b3d9221899115803234b36306eb884499151b96b69e3e9f29336771f
generated: "2026-09-11T11:24:15.429939468Z"
