dependencies:
- name: argo-cd
  repository: https://argoproj.github.io/argo-helm
  version: 10.9.6
- name: argocd-apps
  repository: https://argoproj.github.io/argo-helm
  version: 2.0.6
- name: argo-events
  repository: https://argoproj.github.io/argo-helm
  version: 2.4.27
digest: sha256:c38ccd706bcd6103bf332be09f8dc2d1c5d6a3ec321fc9757094e2d23bb0a4fe
generated: "2026-10-08T11:27:09.161584017Z"
