dependencies:
- name: authelia
  repository: https://charts.authelia.com
  version: 0.11.22
- name: app-template
  repository: https://bjw-s-labs.github.io/helm-charts
  version: 5.2.1
digest: sha256:2baef2ede94aa2e009a91b048054eb3be3805b2f1281a0aeffe916b963c88e3c
generated: "2026-09-25T11:36:30.574735242Z"
