dependencies:
- name: authelia
  repository: https://charts.authelia.com
  version: 0.10.41
- name: app-template
  repository: https://bjw-s-labs.github.io/helm-charts
  version: 4.2.0
digest: sha256:69801e92056d7137ea76b45421837b40335a2ac971f9034a63b714daf95854ac
generated: "2025-07-30T15:02:08.808905068Z"
