dependencies:
- name: kube-prometheus-stack
  repository: https://prometheus-community.github.io/helm-charts
  version: 91.5.0
- name: loki
  repository: https://grafana.github.io/helm-charts
  version: 7.3.0
- name: promtail
  repository: https://grafana.github.io/helm-charts
  version: 6.17.1
digest: sha256:56b198f355c8b1e8ab1232b05c9c1cbb0a8918f761701ecc48057516bac0caaa
generated: "2026-09-30T11:27:45.715839176Z"
