dependencies:
- name: kube-prometheus-stack
  repository: https://prometheus-community.github.io/helm-charts
  version: 84.5.0
- name: loki
  repository: https://grafana.github.io/helm-charts
  version: 7.0.0
- name: promtail
  repository: https://grafana.github.io/helm-charts
  version: 6.17.1
digest: sha256:a30d0debb30c31af88cf358945527e595a75ef05adb2af34d02897e71c35b60b
generated: "2026-05-09T15:05:17.637501471Z"
