dependencies:
- name: intel-device-plugins-operator
  repository: https://intel.github.io/helm-charts/
  version: 0.32.0
- name: intel-device-plugins-gpu
  repository: https://intel.github.io/helm-charts/
  version: 0.32.1-helm.0
digest: sha256:95fc8e6e47c8e6fc036a260852ef67fe37bd5c7bf0c39b866cee85a03bf06d13
generated: "2025-04-21T16:36:39.284437-06:00"
