dependencies:
- name: argo-cd
  repository: https://argoproj.github.io/argo-helm
  version: 8.2.0
- name: argocd-apps
  repository: https://argoproj.github.io/argo-helm
  version: 2.0.2
digest: sha256:a8a27fde50a804ab57fd32f4ddd5da802e012e0252ab7b99fd06e73a72be7395
generated: "2025-07-23T06:03:39.233163911Z"
