dependencies:
- name: argo-cd
  repository: https://argoproj.github.io/argo-helm
  version: 9.0.1
- name: argocd-apps
  repository: https://argoproj.github.io/argo-helm
  version: 2.0.2
digest: sha256:9a50d7264370da39e9a8bed76f61ff3af728a4138a83b34eecc51f12b2803401
generated: "2025-10-19T15:01:14.2077803Z"
